<?xml version="1.0" encoding="utf-8"?>
<Project ToolsVersion="4.0" xmlns="http://schemas.microsoft.com/developer/msbuild/2003">
  <ItemGroup>
    <Filter Include="Scene">
      <UniqueIdentifier>{5fb853bb-0feb-4df6-af8b-a1f0de0dd7cc}</UniqueIdentifier>
    </Filter>
    <Filter Include="Camera">
      <UniqueIdentifier>{1dd7e30a-9b2c-4e8b-95a7-255d0ff585e2}</UniqueIdentifier>
    </Filter>
    <Filter Include="Window">
      <UniqueIdentifier>{d1fb1fc1-8eba-41e1-9473-a541fe597e3b}</UniqueIdentifier>
    </Filter>
    <Filter Include="Character">
      <UniqueIdentifier>{15fb9579-32f0-44bc-a4b6-d960bb5e7925}</UniqueIdentifier>
    </Filter>
    <Filter Include="Utils">
      <UniqueIdentifier>{62b4a789-933d-4f24-9ed1-a0d4089ced38}</UniqueIdentifier>
    </Filter>
  </ItemGroup>
  <ItemGroup>
    <ClCompile Include="..\CG2_Projects\TitleScene.cpp">
      <Filter>Scene</Filter>
    </ClCompile>
    <ClCompile Include="..\AL3_Projects\CameraController.cpp">
      <Filter>Camera</Filter>
    </ClCompile>
    <ClCompile Include="WindowController.cpp">
      <Filter>Window</Filter>
    </ClCompile>
    <ClCompile Include="Player.cpp">
      <Filter>Character</Filter>
    </ClCompile>
    <ClCompile Include="main.cpp">
      <Filter>Scene</Filter>
    </ClCompile>
    <ClCompile Include="GameScene.cpp">
      <Filter>Scene</Filter>
    </ClCompile>
  </ItemGroup>
  <ItemGroup>
    <ClInclude Include="..\CG2_Projects\TitleScene.h">
      <Filter>Scene</Filter>
    </ClInclude>
    <ClInclude Include="..\AL3_Projects\CameraController.h">
      <Filter>Camera</Filter>
    </ClInclude>
    <ClInclude Include="WindowController.h">
      <Filter>Window</Filter>
    </ClInclude>
    <ClInclude Include="Player.h">
      <Filter>Character</Filter>
    </ClInclude>
    <ClInclude Include="Const.h">
      <Filter>Utils</Filter>
    </ClInclude>
    <ClInclude Include="GameScene.h">
      <Filter>Scene</Filter>
    </ClInclude>
  </ItemGroup>
</Project>